
Microsoft Visual Studio Solution File, Format Version 12.00
# Visual Studio Version 16
VisualStudioVersion = 16.0.31424.327
MinimumVisualStudioVersion = 10.0.40219.1
Project("{FAE04EC0-301F-11D3-BF4B-00C04F79EFBC}") = "MvcMovie", "MvcMovie\MvcMovie.csproj", "{729EC080-E31F-4A68-9142-79D9EB58225E}"
EndProject
Global
	GlobalSection(SolutionConfigurationPlatforms) = preSolution
		Debug|Any CPU = Debug|Any CPU
		Release|Any CPU = Release|Any CPU
	EndGlobalSection
	GlobalSection(ProjectConfigurationPlatforms) = postSolution
		{729EC080-E31F-4A68-9142-79D9EB58225E}.Debug|Any CPU.ActiveCfg = Debug|Any CPU
		{729EC080-E31F-4A68-9142-79D9EB58225E}.Debug|Any CPU.Build.0 = Debug|Any CPU
		{729EC080-E31F-4A68-9142-79D9EB58225E}.Release|Any CPU.ActiveCfg = Release|Any CPU
		{729EC080-E31F-4A68-9142-79D9EB58225E}.Release|Any CPU.Build.0 = Release|Any CPU
	EndGlobalSection
	GlobalSection(SolutionProperties) = preSolution
		HideSolutionNode = FALSE
	EndGlobalSection
	GlobalSection(ExtensibilityGlobals) = postSolution
		SolutionGuid = {3A67B0E8-9918-4F6E-AF08-6BD2FE5F78FC}
	EndGlobalSection
EndGlobal
